
Microsoft Visual Studio Solution File, Format Version 12.00
# Visual Studio Version 17
VisualStudioVersion = 17.3.32825.248
MinimumVisualStudioVersion = 10.0.40219.1
Project("{FAE04EC0-301F-11D3-BF4B-00C04F79EFBC}") = "WindowsFormsApp1", "WindowsFormsApp1\WindowsFormsApp1.csproj", "{25F217EA-BDF2-4226-882D-C6354F2ED1C1}"
EndProject
Global
	GlobalSection(SolutionConfigurationPlatforms) = preSolution
		Debug|Any CPU = Debug|Any CPU
		Release|Any CPU = Release|Any CPU
	EndGlobalSection
	GlobalSection(ProjectConfigurationPlatforms) = postSolution
		{25F217EA-BDF2-4226-882D-C6354F2ED1C1}.Debug|Any CPU.ActiveCfg = Debug|Any CPU
		{25F217EA-BDF2-4226-882D-C6354F2ED1C1}.Debug|Any CPU.Build.0 = Debug|Any CPU
		{25F217EA-BDF2-4226-882D-C6354F2ED1C1}.Release|Any CPU.ActiveCfg = Release|Any CPU
		{25F217EA-BDF2-4226-882D-C6354F2ED1C1}.Release|Any CPU.Build.0 = Release|Any CPU
	EndGlobalSection
	GlobalSection(SolutionProperties) = preSolution
		HideSolutionNode = FALSE
	EndGlobalSection
	GlobalSection(ExtensibilityGlobals) = postSolution
		SolutionGuid = {E3860C9A-6FAD-47F9-8872-501A0D046021}
	EndGlobalSection
EndGlobal
